Microsoft Visual Studio Solution File, Format Version 12.00
# Visual Studio Version 17
VisualStudioVersion = 17.5.2.0
MinimumVisualStudioVersion = 10.0.40219.1
Project("{FAE04EC0-301F-11D3-BF4B-00C04F79EFBC}") = "AcmeClinic.API", "AcmeClinic.API.csproj", "{A9C6F5B1-C295-9B76-19F6-7193DCB08834}"
EndProject
Global
	GlobalSection(SolutionConfigurationPlatforms) = preSolution
		Debug|Any CPU = Debug|Any CPU
		Release|Any CPU = Release|Any CPU
	EndGlobalSection
	GlobalSection(ProjectConfigurationPlatforms) = postSolution
		{A9C6F5B1-C295-9B76-19F6-7193DCB08834}.Debug|Any CPU.ActiveCfg = Debug|Any CPU
		{A9C6F5B1-C295-9B76-19F6-7193DCB08834}.Debug|Any CPU.Build.0 = Debug|Any CPU
		{A9C6F5B1-C295-9B76-19F6-7193DCB08834}.Release|Any CPU.ActiveCfg = Release|Any CPU
		{A9C6F5B1-C295-9B76-19F6-7193DCB08834}.Release|Any CPU.Build.0 = Release|Any CPU
	EndGlobalSection
	GlobalSection(SolutionProperties) = preSolution
		HideSolutionNode = FALSE
	EndGlobalSection
	GlobalSection(ExtensibilityGlobals) = postSolution
		SolutionGuid = {DDE88C8B-EC08-4819-BFE9-B1594701DA4E}
	EndGlobalSection
EndGlobal
